Microsoft Visual Studio Solution File, Format Version 12.00
# Visual Studio Version 17
VisualStudioVersion = 17.5.2.0
MinimumVisualStudioVersion = 10.0.40219.1
Project("{FAE04EC0-301F-11D3-BF4B-00C04F79EFBC}") = "BiometricSystem", "BiometricSystem.csproj", "{516BD779-E875-F594-2655-BF45B8FD47B6}"
EndProject
Global
	GlobalSection(SolutionConfigurationPlatforms) = preSolution
		Debug|Any CPU = Debug|Any CPU
		Release|Any CPU = Release|Any CPU
	EndGlobalSection
	GlobalSection(ProjectConfigurationPlatforms) = postSolution
		{516BD779-E875-F594-2655-BF45B8FD47B6}.Debug|Any CPU.ActiveCfg = Debug|Any CPU
		{516BD779-E875-F594-2655-BF45B8FD47B6}.Debug|Any CPU.Build.0 = Debug|Any CPU
		{516BD779-E875-F594-2655-BF45B8FD47B6}.Release|Any CPU.ActiveCfg = Release|Any CPU
		{516BD779-E875-F594-2655-BF45B8FD47B6}.Release|Any CPU.Build.0 = Release|Any CPU
	EndGlobalSection
	GlobalSection(SolutionProperties) = preSolution
		HideSolutionNode = FALSE
	EndGlobalSection
	GlobalSection(ExtensibilityGlobals) = postSolution
		SolutionGuid = {BCE58BF8-3A44-4103-9F47-5FD0A9C05B96}
	EndGlobalSection
EndGlobal
